
Microsoft Visual Studio Solution File, Format Version 12.00
# Visual Studio Version 17
VisualStudioVersion = 17.4.33110.190
MinimumVisualStudioVersion = 10.0.40219.1
Project("{8BC9CEB8-8B4A-11D0-8D11-00A0C91BC942}") = "test_2_18", "test_2_18.vcxproj", "{65BA58D0-7DE1-41B2-B7F9-82370CD281DE}"
EndProject
Global
	GlobalSection(SolutionConfigurationPlatforms) = preSolution
		Debug|x64 = Debug|x64
		Debug|x86 = Debug|x86
		Release|x64 = Release|x64
		Release|x86 = Release|x86
	EndGlobalSection
	GlobalSection(ProjectConfigurationPlatforms) = postSolution
		{65BA58D0-7DE1-41B2-B7F9-82370CD281DE}.Debug|x64.ActiveCfg = Debug|x64
		{65BA58D0-7DE1-41B2-B7F9-82370CD281DE}.Debug|x64.Build.0 = Debug|x64
		{65BA58D0-7DE1-41B2-B7F9-82370CD281DE}.Debug|x86.ActiveCfg = Debug|Win32
		{65BA58D0-7DE1-41B2-B7F9-82370CD281DE}.Debug|x86.Build.0 = Debug|Win32
		{65BA58D0-7DE1-41B2-B7F9-82370CD281DE}.Release|x64.ActiveCfg = Release|x64
		{65BA58D0-7DE1-41B2-B7F9-82370CD281DE}.Release|x64.Build.0 = Release|x64
		{65BA58D0-7DE1-41B2-B7F9-82370CD281DE}.Release|x86.ActiveCfg = Release|Win32
		{65BA58D0-7DE1-41B2-B7F9-82370CD281DE}.Release|x86.Build.0 = Release|Win32
	EndGlobalSection
	GlobalSection(SolutionProperties) = preSolution
		HideSolutionNode = FALSE
	EndGlobalSection
	GlobalSection(ExtensibilityGlobals) = postSolution
		SolutionGuid = {1FF8A8D1-3049-4FF1-922B-E0F19D410CA9}
	EndGlobalSection
EndGlobal
